
Microsoft Visual Studio Solution File, Format Version 12.00
# Visual Studio 2012
Project("{FAE04EC0-301F-11D3-BF4B-00C04F79EFBC}") = "EvenOrOdd", "EvenOrOdd\EvenOrOdd.csproj", "{0A7DA1CB-396E-4641-9AA8-67EF385A276D}"
EndProject
Global
	GlobalSection(SolutionConfigurationPlatforms) = preSolution
		Debug|Any CPU = Debug|Any CPU
		Release|Any CPU = Release|Any CPU
	EndGlobalSection
	GlobalSection(ProjectConfigurationPlatforms) = postSolution
		{0A7DA1CB-396E-4641-9AA8-67EF385A276D}.Debug|Any CPU.ActiveCfg = Debug|Any CPU
		{0A7DA1CB-396E-4641-9AA8-67EF385A276D}.Debug|Any CPU.Build.0 = Debug|Any CPU
		{0A7DA1CB-396E-4641-9AA8-67EF385A276D}.Release|Any CPU.ActiveCfg = Release|Any CPU
		{0A7DA1CB-396E-4641-9AA8-67EF385A276D}.Release|Any CPU.Build.0 = Release|Any CPU
	EndGlobalSection
	GlobalSection(SolutionProperties) = preSolution
		HideSolutionNode = FALSE
	EndGlobalSection
EndGlobal
